
Microsoft Visual Studio Solution File, Format Version 12.00
# Visual Studio Version 16
VisualStudioVersion = 16.0.31205.134
MinimumVisualStudioVersion = 10.0.40219.1
Project("{FAE04EC0-301F-11D3-BF4B-00C04F79EFBC}") = "WpfApp4", "WpfApp4\WpfApp4.csproj", "{E825BBB9-3E6A-425D-A247-5815656EB4D4}"
EndProject
Global
	GlobalSection(SolutionConfigurationPlatforms) = preSolution
		Debug|Any CPU = Debug|Any CPU
		Release|Any CPU = Release|Any CPU
	EndGlobalSection
	GlobalSection(ProjectConfigurationPlatforms) = postSolution
		{E825BBB9-3E6A-425D-A247-5815656EB4D4}.Debug|Any CPU.ActiveCfg = Debug|Any CPU
		{E825BBB9-3E6A-425D-A247-5815656EB4D4}.Debug|Any CPU.Build.0 = Debug|Any CPU
		{E825BBB9-3E6A-425D-A247-5815656EB4D4}.Release|Any CPU.ActiveCfg = Release|Any CPU
		{E825BBB9-3E6A-425D-A247-5815656EB4D4}.Release|Any CPU.Build.0 = Release|Any CPU
	EndGlobalSection
	GlobalSection(SolutionProperties) = preSolution
		HideSolutionNode = FALSE
	EndGlobalSection
	GlobalSection(ExtensibilityGlobals) = postSolution
		SolutionGuid = {6002E284-6AB2-403B-8648-9A150236FD0F}
	EndGlobalSection
EndGlobal
